
Microsoft Visual Studio Solution File, Format Version 12.00
# Visual Studio 15
VisualStudioVersion = 15.0.28307.421
MinimumVisualStudioVersion = 10.0.40219.1
Project("{9A19103F-16F7-4668-BE54-9A1E7A4F7556}") = "Forum.Web", "Forum.Web\Forum.Web.csproj", "{5BA05210-B2E5-4BD1-B8D7-C856BF6C3A25}"
EndProject
Project("{9A19103F-16F7-4668-BE54-9A1E7A4F7556}") = "Forum.Core", "Forum.Core\Forum.Core.csproj", "{18D92C42-51C4-40A0-B529-F27CD769F944}"
EndProject
Project("{9A19103F-16F7-4668-BE54-9A1E7A4F7556}") = "Forum.Connection", "Forum.Connection\Forum.Connection.csproj", "{67C9E74C-1756-4D0B-8503-235739A990EE}"
EndProject
Project("{FAE04EC0-301F-11D3-BF4B-00C04F79EFBC}") = "Forum.Infrastructure", "Forum.Infrastructure\Forum.Infrastructure.csproj", "{33E23EBC-E070-40F8-A039-250F31EC1329}"
EndProject
Global
	GlobalSection(SolutionConfigurationPlatforms) = preSolution
		Debug|Any CPU = Debug|Any CPU
		Release|Any CPU = Release|Any CPU
	EndGlobalSection
	GlobalSection(ProjectConfigurationPlatforms) = postSolution
		{5BA05210-B2E5-4BD1-B8D7-C856BF6C3A25}.Debug|Any CPU.ActiveCfg = Debug|Any CPU
		{5BA05210-B2E5-4BD1-B8D7-C856BF6C3A25}.Debug|Any CPU.Build.0 = Debug|Any CPU
		{5BA05210-B2E5-4BD1-B8D7-C856BF6C3A25}.Release|Any CPU.ActiveCfg = Release|Any CPU
		{5BA05210-B2E5-4BD1-B8D7-C856BF6C3A25}.Release|Any CPU.Build.0 = Release|Any CPU
		{18D92C42-51C4-40A0-B529-F27CD769F944}.Debug|Any CPU.ActiveCfg = Debug|Any CPU
		{18D92C42-51C4-40A0-B529-F27CD769F944}.Debug|Any CPU.Build.0 = Debug|Any CPU
		{18D92C42-51C4-40A0-B529-F27CD769F944}.Release|Any CPU.ActiveCfg = Release|Any CPU
		{18D92C42-51C4-40A0-B529-F27CD769F944}.Release|Any CPU.Build.0 = Release|Any CPU
		{67C9E74C-1756-4D0B-8503-235739A990EE}.Debug|Any CPU.ActiveCfg = Debug|Any CPU
		{67C9E74C-1756-4D0B-8503-235739A990EE}.Debug|Any CPU.Build.0 = Debug|Any CPU
		{67C9E74C-1756-4D0B-8503-235739A990EE}.Release|Any CPU.ActiveCfg = Release|Any CPU
		{67C9E74C-1756-4D0B-8503-235739A990EE}.Release|Any CPU.Build.0 = Release|Any CPU
		{33E23EBC-E070-40F8-A039-250F31EC1329}.Debug|Any CPU.ActiveCfg = Debug|Any CPU
		{33E23EBC-E070-40F8-A039-250F31EC1329}.Debug|Any CPU.Build.0 = Debug|Any CPU
		{33E23EBC-E070-40F8-A039-250F31EC1329}.Release|Any CPU.ActiveCfg = Release|Any CPU
		{33E23EBC-E070-40F8-A039-250F31EC1329}.Release|Any CPU.Build.0 = Release|Any CPU
	EndGlobalSection
	GlobalSection(SolutionProperties) = preSolution
		HideSolutionNode = FALSE
	EndGlobalSection
	GlobalSection(ExtensibilityGlobals) = postSolution
		SolutionGuid = {2693D1F1-6748-4CE0-8731-C45B06FD9709}
	EndGlobalSection
EndGlobal
