
Microsoft Visual Studio Solution File, Format Version 12.00
# Visual Studio 15
VisualStudioVersion = 15.0.27703.2042
MinimumVisualStudioVersion = 10.0.40219.1
Project("{9A19103F-16F7-4668-BE54-9A1E7A4F7556}") = "Forum.App", "Forum.App\Forum.App.csproj", "{AA0AB5B0-D2B6-4792-9AB1-127CFEF1B579}"
EndProject
Project("{FAE04EC0-301F-11D3-BF4B-00C04F79EFBC}") = "Forum.Data", "Forum.Data\Forum.Data.csproj", "{28CAB996-3976-4116-8E1A-BD8471455167}"
EndProject
Project("{FAE04EC0-301F-11D3-BF4B-00C04F79EFBC}") = "Forum.Web.API", "Forum.Web.API\Forum.Web.API.csproj", "{2821AC27-FA1C-41F7-A063-1114C299BA93}"
EndProject
Global
	GlobalSection(SolutionConfigurationPlatforms) = preSolution
		Debug|Any CPU = Debug|Any CPU
		Release|Any CPU = Release|Any CPU
	EndGlobalSection
	GlobalSection(ProjectConfigurationPlatforms) = postSolution
		{AA0AB5B0-D2B6-4792-9AB1-127CFEF1B579}.Debug|Any CPU.ActiveCfg = Debug|Any CPU
		{AA0AB5B0-D2B6-4792-9AB1-127CFEF1B579}.Debug|Any CPU.Build.0 = Debug|Any CPU
		{AA0AB5B0-D2B6-4792-9AB1-127CFEF1B579}.Release|Any CPU.ActiveCfg = Release|Any CPU
		{AA0AB5B0-D2B6-4792-9AB1-127CFEF1B579}.Release|Any CPU.Build.0 = Release|Any CPU
		{28CAB996-3976-4116-8E1A-BD8471455167}.Debug|Any CPU.ActiveCfg = Debug|Any CPU
		{28CAB996-3976-4116-8E1A-BD8471455167}.Debug|Any CPU.Build.0 = Debug|Any CPU
		{28CAB996-3976-4116-8E1A-BD8471455167}.Release|Any CPU.ActiveCfg = Release|Any CPU
		{28CAB996-3976-4116-8E1A-BD8471455167}.Release|Any CPU.Build.0 = Release|Any CPU
		{2821AC27-FA1C-41F7-A063-1114C299BA93}.Debug|Any CPU.ActiveCfg = Debug|Any CPU
		{2821AC27-FA1C-41F7-A063-1114C299BA93}.Debug|Any CPU.Build.0 = Debug|Any CPU
		{2821AC27-FA1C-41F7-A063-1114C299BA93}.Release|Any CPU.ActiveCfg = Release|Any CPU
		{2821AC27-FA1C-41F7-A063-1114C299BA93}.Release|Any CPU.Build.0 = Release|Any CPU
	EndGlobalSection
	GlobalSection(SolutionProperties) = preSolution
		HideSolutionNode = FALSE
	EndGlobalSection
	GlobalSection(ExtensibilityGlobals) = postSolution
		SolutionGuid = {66C50F56-837C-4577-8673-848630BD2991}
	EndGlobalSection
EndGlobal
